
Microsoft Visual Studio Solution File, Format Version 12.00
# Visual Studio Version 16
VisualStudioVersion = 16.0.30907.101
MinimumVisualStudioVersion = 10.0.40219.1
Project("{FAE04EC0-301F-11D3-BF4B-00C04F79EFBC}") = "OlympicGamesKingslee", "OlympicGamesKingslee\OlympicGamesKingslee.csproj", "{121B8D62-84F2-4C42-AE8E-E6FD768D76B7}"
EndProject
Global
	GlobalSection(SolutionConfigurationPlatforms) = preSolution
		Debug|Any CPU = Debug|Any CPU
		Release|Any CPU = Release|Any CPU
	EndGlobalSection
	GlobalSection(ProjectConfigurationPlatforms) = postSolution
		{121B8D62-84F2-4C42-AE8E-E6FD768D76B7}.Debug|Any CPU.ActiveCfg = Debug|Any CPU
		{121B8D62-84F2-4C42-AE8E-E6FD768D76B7}.Debug|Any CPU.Build.0 = Debug|Any CPU
		{121B8D62-84F2-4C42-AE8E-E6FD768D76B7}.Release|Any CPU.ActiveCfg = Release|Any CPU
		{121B8D62-84F2-4C42-AE8E-E6FD768D76B7}.Release|Any CPU.Build.0 = Release|Any CPU
	EndGlobalSection
	GlobalSection(SolutionProperties) = preSolution
		HideSolutionNode = FALSE
	EndGlobalSection
	GlobalSection(ExtensibilityGlobals) = postSolution
		SolutionGuid = {C3608DA4-5287-477C-A308-2D68B8502A67}
	EndGlobalSection
EndGlobal
